<?xml version="1.0" encoding="utf-8"?>
<Project ToolsVersion="4.0" xmlns="http://schemas.microsoft.com/developer/msbuild/2003">
  <ItemGroup>
    <ClCompile Include="beziercurveevaluator.cpp" />
    <ClCompile Include="bsplinecurveevaluator.cpp" />
    <ClCompile Include="c2interpolatingcurveevaluator.cpp" />
    <ClCompile Include="catnullromcurveevaluator.cpp" />
    <ClCompile Include="curve.cpp" />
    <ClCompile Include="curveevaluator.cpp" />
    <ClCompile Include="InverseKinematics.cpp" />
    <ClCompile Include="linearcurveevaluator.cpp" />
    <ClCompile Include="camera.cpp" />
    <ClCompile Include="MarchingCube.cpp" />
    <ClCompile Include="Metaball.cpp" />
    <ClCompile Include="modelerapp.cpp" />
    <ClCompile Include="modelerdraw.cpp" />
    <ClCompile Include="modelerui.cpp" />
    <ClCompile Include="modeleruiwindows.cxx" />
    <ClCompile Include="modelerview.cpp" />
    <ClCompile Include="bitmap.cpp" />
    <ClCompile Include="MyModel.cpp" />
    <ClCompile Include="particle.cpp" />
    <ClCompile Include="particleSystem.cpp" />
    <ClCompile Include="point.cpp" />
    <ClCompile Include="pointObj.cpp" />
    <ClCompile Include="graphwidget.cpp" />
    <ClCompile Include="indicatorwindow.cpp" />
    <ClCompile Include="rect.cpp" />
    <ClCompile Include="rulerwindow.cpp" />
    <ClCompile Include="subsivisioncurveevaluator.cpp" />
  </ItemGroup>
  <ItemGroup>
    <ClInclude Include="beziercurveevaluator.h" />
    <ClInclude Include="bsplinecurveevaluator.h" />
    <ClInclude Include="c2interpolatingcurveevaluator.h" />
    <ClInclude Include="catnullromcurveevaluator.h" />
    <ClInclude Include="curve.h" />
    <ClInclude Include="curveevaluator.h" />
    <ClInclude Include="subsivisioncurveevaluator.h" />
    <ClInclude Include="InverseKinematics.h" />
    <ClInclude Include="linearcurveevaluator.h" />
    <ClInclude Include="camera.h" />
    <ClInclude Include="MarchingCube.h" />
    <ClInclude Include="mat.h" />
    <ClInclude Include="matrix.h" />
    <ClInclude Include="Metaball.h" />
    <ClInclude Include="modelerdraw.h" />
    <ClInclude Include="modelerglobals.h" />
    <ClInclude Include="modelerui.h" />
    <ClInclude Include="modeleruiwindows.h" />
    <ClInclude Include="modelerview.h" />
    <ClInclude Include="bitmap.h" />
    <ClInclude Include="particleSystem.h" />
    <ClInclude Include="point.h" />
    <ClInclude Include="pointObj.h" />
    <ClInclude Include="graphwidget.h" />
    <ClInclude Include="indicatorwindow.h" />
    <ClInclude Include="modelerapp.h" />
    <ClInclude Include="rect.h" />
    <ClInclude Include="rulerwindow.h" />
    <ClInclude Include="vec.h" />
    <ClInclude Include="subdivisionSurface.h" />
  </ItemGroup>
  <ItemGroup>
    <None Include="cleanskel.pl" />
    <None Include="modeleruiwindows.fl" />
    <None Include="skelrenamer.pl" />
  </ItemGroup>
</Project>